
Microsoft Visual Studio Solution File, Format Version 12.00
# Visual Studio Version 16
VisualStudioVersion = 16.0.810.25
MinimumVisualStudioVersion = 10.0.40219.1
Project("{FAE04EC0-301F-11D3-BF4B-00C04F79EFBC}") = "sesion01", "sesion01.csproj", "{93C701EF-673B-4074-BDC7-C1D57F64C144}"
EndProject
Global
	GlobalSection(SolutionConfigurationPlatforms) = preSolution
		Debug|Any CPU = Debug|Any CPU
		Release|Any CPU = Release|Any CPU
	EndGlobalSection
	GlobalSection(ProjectConfigurationPlatforms) = postSolution
		{93C701EF-673B-4074-BDC7-C1D57F64C144}.Debug|Any CPU.ActiveCfg = Debug|Any CPU
		{93C701EF-673B-4074-BDC7-C1D57F64C144}.Debug|Any CPU.Build.0 = Debug|Any CPU
		{93C701EF-673B-4074-BDC7-C1D57F64C144}.Release|Any CPU.ActiveCfg = Release|Any CPU
		{93C701EF-673B-4074-BDC7-C1D57F64C144}.Release|Any CPU.Build.0 = Release|Any CPU
	EndGlobalSection
	GlobalSection(SolutionProperties) = preSolution
		HideSolutionNode = FALSE
	EndGlobalSection
	GlobalSection(ExtensibilityGlobals) = postSolution
		SolutionGuid = {044D0C45-2F52-4DDA-A270-C69AB7B31220}
	EndGlobalSection
EndGlobal
